
Microsoft Visual Studio Solution File, Format Version 12.00
# Visual Studio Version 17
VisualStudioVersion = 17.6.33829.357
MinimumVisualStudioVersion = 10.0.40219.1
Project("{FAE04EC0-301F-11D3-BF4B-00C04F79EFBC}") = "TeknikServisVeUrunTakip", "TeknikServisVeUrunTakip\TeknikServisVeUrunTakip.csproj", "{CBFF40CD-6824-4DB5-BC51-EF9A706919FB}"
EndProject
Global
	GlobalSection(SolutionConfigurationPlatforms) = preSolution
		Debug|Any CPU = Debug|Any CPU
		Release|Any CPU = Release|Any CPU
	EndGlobalSection
	GlobalSection(ProjectConfigurationPlatforms) = postSolution
		{CBFF40CD-6824-4DB5-BC51-EF9A706919FB}.Debug|Any CPU.ActiveCfg = Debug|Any CPU
		{CBFF40CD-6824-4DB5-BC51-EF9A706919FB}.Debug|Any CPU.Build.0 = Debug|Any CPU
		{CBFF40CD-6824-4DB5-BC51-EF9A706919FB}.Release|Any CPU.ActiveCfg = Release|Any CPU
		{CBFF40CD-6824-4DB5-BC51-EF9A706919FB}.Release|Any CPU.Build.0 = Release|Any CPU
	EndGlobalSection
	GlobalSection(SolutionProperties) = preSolution
		HideSolutionNode = FALSE
	EndGlobalSection
	GlobalSection(ExtensibilityGlobals) = postSolution
		SolutionGuid = {97F272F6-A2FB-4B1F-BD9E-8F0F83BAA672}
	EndGlobalSection
EndGlobal
